
Microsoft Visual Studio Solution File, Format Version 12.00
# Visual Studio 15
VisualStudioVersion = 15.0.27130.2027
MinimumVisualStudioVersion = 10.0.40219.1
Project("{FAE04EC0-301F-11D3-BF4B-00C04F79EFBC}") = "WeatherStation", "WeatherStation\WeatherStation.csproj", "{84264091-0138-48C9-9F54-DDBEADBEB2DC}"
EndProject
Global
	GlobalSection(SolutionConfigurationPlatforms) = preSolution
		Debug|Any CPU = Debug|Any CPU
		Release|Any CPU = Release|Any CPU
	EndGlobalSection
	GlobalSection(ProjectConfigurationPlatforms) = postSolution
		{84264091-0138-48C9-9F54-DDBEADBEB2DC}.Debug|Any CPU.ActiveCfg = Debug|Any CPU
		{84264091-0138-48C9-9F54-DDBEADBEB2DC}.Debug|Any CPU.Build.0 = Debug|Any CPU
		{84264091-0138-48C9-9F54-DDBEADBEB2DC}.Release|Any CPU.ActiveCfg = Release|Any CPU
		{84264091-0138-48C9-9F54-DDBEADBEB2DC}.Release|Any CPU.Build.0 = Release|Any CPU
	EndGlobalSection
	GlobalSection(SolutionProperties) = preSolution
		HideSolutionNode = FALSE
	EndGlobalSection
	GlobalSection(ExtensibilityGlobals) = postSolution
		SolutionGuid = {42E78997-737D-46D2-99B1-F257981878BF}
	EndGlobalSection
EndGlobal
